
Microsoft Visual Studio Solution File, Format Version 12.00
# Visual Studio 15
VisualStudioVersion = 15.0.28010.2036
MinimumVisualStudioVersion = 10.0.40219.1
Project("{FAE04EC0-301F-11D3-BF4B-00C04F79EFBC}") = "Prestige.Biz", "Prestige.Biz\Prestige.Biz.csproj", "{CC09A3C6-F21B-4DC2-A14F-662F4DF6DDD0}"
EndProject
Project("{FAE04EC0-301F-11D3-BF4B-00C04F79EFBC}") = "Prestige.BizTests", "Prestige.BizTests\Prestige.BizTests.csproj", "{4CE72175-F089-427A-B4C0-AB7E0EECCCEC}"
EndProject
Project("{2150E333-8FDC-42A3-9474-1A3956D46DE8}") = "Tests", "Tests", "{32BEE02E-B904-4DEF-86C1-8E7B0349D427}"
EndProject
Project("{FAE04EC0-301F-11D3-BF4B-00C04F79EFBC}") = "Prestige.Common", "Prestige.Common\Prestige.Common.csproj", "{F34F1C4F-EEC4-453B-BFC2-91EEF6F0D492}"
EndProject
Project("{FAE04EC0-301F-11D3-BF4B-00C04F79EFBC}") = "Prestige.CommonTests", "Prestige.CommonTests\Prestige.CommonTests.csproj", "{88559CDB-F3A9-4D13-BDEE-8904C8228CD1}"
EndProject
Global
	GlobalSection(SolutionConfigurationPlatforms) = preSolution
		Debug|Any CPU = Debug|Any CPU
		Release|Any CPU = Release|Any CPU
	EndGlobalSection
	GlobalSection(ProjectConfigurationPlatforms) = postSolution
		{CC09A3C6-F21B-4DC2-A14F-662F4DF6DDD0}.Debug|Any CPU.ActiveCfg = Debug|Any CPU
		{CC09A3C6-F21B-4DC2-A14F-662F4DF6DDD0}.Debug|Any CPU.Build.0 = Debug|Any CPU
		{CC09A3C6-F21B-4DC2-A14F-662F4DF6DDD0}.Release|Any CPU.ActiveCfg = Release|Any CPU
		{CC09A3C6-F21B-4DC2-A14F-662F4DF6DDD0}.Release|Any CPU.Build.0 = Release|Any CPU
		{4CE72175-F089-427A-B4C0-AB7E0EECCCEC}.Debug|Any CPU.ActiveCfg = Debug|Any CPU
		{4CE72175-F089-427A-B4C0-AB7E0EECCCEC}.Debug|Any CPU.Build.0 = Debug|Any CPU
		{4CE72175-F089-427A-B4C0-AB7E0EECCCEC}.Release|Any CPU.ActiveCfg = Release|Any CPU
		{4CE72175-F089-427A-B4C0-AB7E0EECCCEC}.Release|Any CPU.Build.0 = Release|Any CPU
		{F34F1C4F-EEC4-453B-BFC2-91EEF6F0D492}.Debug|Any CPU.ActiveCfg = Debug|Any CPU
		{F34F1C4F-EEC4-453B-BFC2-91EEF6F0D492}.Debug|Any CPU.Build.0 = Debug|Any CPU
		{F34F1C4F-EEC4-453B-BFC2-91EEF6F0D492}.Release|Any CPU.ActiveCfg = Release|Any CPU
		{F34F1C4F-EEC4-453B-BFC2-91EEF6F0D492}.Release|Any CPU.Build.0 = Release|Any CPU
		{88559CDB-F3A9-4D13-BDEE-8904C8228CD1}.Debug|Any CPU.ActiveCfg = Debug|Any CPU
		{88559CDB-F3A9-4D13-BDEE-8904C8228CD1}.Debug|Any CPU.Build.0 = Debug|Any CPU
		{88559CDB-F3A9-4D13-BDEE-8904C8228CD1}.Release|Any CPU.ActiveCfg = Release|Any CPU
		{88559CDB-F3A9-4D13-BDEE-8904C8228CD1}.Release|Any CPU.Build.0 = Release|Any CPU
	EndGlobalSection
	GlobalSection(SolutionProperties) = preSolution
		HideSolutionNode = FALSE
	EndGlobalSection
	GlobalSection(NestedProjects) = preSolution
		{4CE72175-F089-427A-B4C0-AB7E0EECCCEC} = {32BEE02E-B904-4DEF-86C1-8E7B0349D427}
		{88559CDB-F3A9-4D13-BDEE-8904C8228CD1} = {32BEE02E-B904-4DEF-86C1-8E7B0349D427}
	EndGlobalSection
	GlobalSection(ExtensibilityGlobals) = postSolution
		SolutionGuid = {B73C75BD-8F0A-4915-883A-997B890D64E9}
	EndGlobalSection
EndGlobal
